version = 1
revision = 3
requires-python = "==3.11.*"

[[package]]
name = "colorama"
version = "0.4.6"
source = { registry = "https://pypi.org/simple" }
sdist = { url = "https://files.pythonhosted.org/packages/d8/53/6f443c9a4a8358a93a6792e2acffb9d9d5cb0a5cfd8802644b7b1c9a02e4/colorama-0.4.6.tar.gz", hash = "sha256:08695f5cb7ed6e0531a20572697297273c47b8cae5a63ffc6d6ed5c201be6e44", size = 27697, upload-time = "2022-10-25T02:36:22.414Z" }
wheels = [
    { url = "https://files.pythonhosted.org/packages/d1/d6/3965ed04c63042e047cb6a3e6ed1a63a35087b6a609aa3a15ed8ac56c221/colorama-0.4.6-py2.py3-none-any.whl", hash = "sha256:4f1d9991f5acc0ca119f9d443620b77f9d6b33703e51011c16baf57afb285fc6", size = 25335, upload-time = "2022-10-25T02:36:20.889Z" },
]

[[package]]
name = "importlib-resources"
version = "7.1.0"
source = { registry = "https://pypi.org/simple" }
sdist = { url = "https://files.pythonhosted.org/packages/e4/06/b56dfa750b44e86157093bc8fca0ab81dccbf5260510de4eaf1cb69b5b99/importlib_resources-7.1.0.tar.gz", hash = "sha256:0722d4c6212489c530f2a145a34c0a7a3b4721bc96a15fada5930e2a0b760708", size = 44985, upload-time = "2026-04-12T16:36:09.232Z" }
wheels = [
    { url = "https://files.pythonhosted.org/packages/8a/db/55a262f3606bebcae07cc14095338471ad7c0bbcaa37707e6f0ee49725b7/importlib_resources-7.1.0-py3-none-any.whl", hash = "sha256:1bd7b48b4088eddb2cd16382150bb515af0bd2c70128194392725f82ad2c96a1", size = 37232, upload-time = "2026-04-12T16:36:08.219Z" },
]

[[package]]
name = "iniconfig"
version = "2.3.0"
source = { registry = "https://pypi.org/simple" }
sdist = { url = "https://files.pythonhosted.org/packages/72/34/14ca021ce8e5dfedc35312d08ba8bf51fdd999c576889fc2c24cb97f4f10/iniconfig-2.3.0.tar.gz", hash = "sha256:c76315c77db068650d49c5b56314774a7804df16fee4402c1f19d6d15d8c4730", size = 20503, upload-time = "2025-10-18T21:55:43.219Z" }
wheels = [
    { url = "https://files.pythonhosted.org/packages/cb/b1/3846dd7f199d53cb17f49cba7e651e9ce294d8497c8c150530ed11865bb8/iniconfig-2.3.0-py3-none-any.whl", hash = "sha256:f631c04d2c48c52b84d0d0549c99ff3859c98df65b3101406327ecc7d53fbf12", size = 7484, upload-time = "2025-10-18T21:55:41.639Z" },
]

[[package]]
name = "nibabel"
version = "5.4.2"
source = { registry = "https://pypi.org/simple" }
dependencies = [
    { name = "importlib-resources" },
    { name = "numpy" },
    { name = "packaging" },
    { name = "typing-extensions" },
]
sdist = { url = "https://files.pythonhosted.org/packages/a3/01/3d2cc510c616bc8e27be17a063070d9126f69407961594a9ae734ea51121/nibabel-5.4.2.tar.gz", hash = "sha256:d5f4b9076a13178ae7f7acf18c8dbd503ee1c4d5c0c23b85df7be87efcbb49da", size = 4663132, upload-time = "2026-03-11T13:31:52.42Z" }
wheels = [
    { url = "https://files.pythonhosted.org/packages/3b/d7/601b6396b33536811668935faa790112266c70661be94555999be431f86f/nibabel-5.4.2-py3-none-any.whl", hash = "sha256:553482c5f1e1034fc312edf6fb7f32236c0056439845d1c29293b7e8c98d4854", size = 3300985, upload-time = "2026-03-11T13:31:50.028Z" },
]

[[package]]
name = "numpy"
version = "2.3.2"
source = { registry = "https://pypi.org/simple" }
sdist = { url = "https://files.pythonhosted.org/packages/37/7d/3fec4199c5ffb892bed55cff901e4f39a58c81df9c44c280499e92cad264/numpy-2.3.2.tar.gz", hash = "sha256:e0486a11ec30cdecb53f184d496d1c6a20786c81e55e41640270130056f8ee48", size = 20489306, upload-time = "2025-07-24T21:32:07.553Z" }
wheels = [
    { url = "https://files.pythonhosted.org/packages/96/26/1320083986108998bd487e2931eed2aeedf914b6e8905431487543ec911d/numpy-2.3.2-cp311-cp311-macosx_10_9_x86_64.whl", hash = "sha256:852ae5bed3478b92f093e30f785c98e0cb62fa0a939ed057c31716e18a7a22b9", size = 21259016, upload-time = "2025-07-24T20:24:35.214Z" },
    { url = "https://files.pythonhosted.org/packages/c4/2b/792b341463fa93fc7e55abbdbe87dac316c5b8cb5e94fb7a59fb6fa0cda5/numpy-2.3.2-cp311-cp311-macosx_11_0_arm64.whl", hash = "sha256:7a0e27186e781a69959d0230dd9909b5e26024f8da10683bd6344baea1885168", size = 14451158, upload-time = "2025-07-24T20:24:58.397Z" },
    { url = "https://files.pythonhosted.org/packages/b7/13/e792d7209261afb0c9f4759ffef6135b35c77c6349a151f488f531d13595/numpy-2.3.2-cp311-cp311-macosx_14_0_arm64.whl", hash = "sha256:f0a1a8476ad77a228e41619af2fa9505cf69df928e9aaa165746584ea17fed2b", size = 5379817, upload-time = "2025-07-24T20:25:07.746Z" },
    { url = "https://files.pythonhosted.org/packages/49/ce/055274fcba4107c022b2113a213c7287346563f48d62e8d2a5176ad93217/numpy-2.3.2-cp311-cp311-macosx_14_0_x86_64.whl", hash = "sha256:cbc95b3813920145032412f7e33d12080f11dc776262df1712e1638207dde9e8", size = 6913606, upload-time = "2025-07-24T20:25:18.84Z" },
    { url = "https://files.pythonhosted.org/packages/17/f2/e4d72e6bc5ff01e2ab613dc198d560714971900c03674b41947e38606502/numpy-2.3.2-cp311-cp311-manylinux_2_27_aarch64.manylinux_2_28_aarch64.whl", hash = "sha256:f75018be4980a7324edc5930fe39aa391d5734531b1926968605416ff58c332d", size = 14589652, upload-time = "2025-07-24T20:25:40.356Z" },
    { url = "https://files.pythonhosted.org/packages/c8/b0/fbeee3000a51ebf7222016e2939b5c5ecf8000a19555d04a18f1e02521b8/numpy-2.3.2-cp311-cp311-manylinux_2_27_x86_64.manylinux_2_28_x86_64.whl", hash = "sha256:20b8200721840f5621b7bd03f8dcd78de33ec522fc40dc2641aa09537df010c3", size = 16938816, upload-time = "2025-07-24T20:26:05.721Z" },
    { url = "https://files.pythonhosted.org/packages/a9/ec/2f6c45c3484cc159621ea8fc000ac5a86f1575f090cac78ac27193ce82cd/numpy-2.3.2-cp311-cp311-musllinux_1_2_aarch64.whl", hash = "sha256:1f91e5c028504660d606340a084db4b216567ded1056ea2b4be4f9d10b67197f", size = 16370512, upload-time = "2025-07-24T20:26:30.545Z" },
    { url = "https://files.pythonhosted.org/packages/b5/01/dd67cf511850bd7aefd6347aaae0956ed415abea741ae107834aae7d6d4e/numpy-2.3.2-cp311-cp311-musllinux_1_2_x86_64.whl", hash = "sha256:fb1752a3bb9a3ad2d6b090b88a9a0ae1cd6f004ef95f75825e2f382c183b2097", size = 18884947, upload-time = "2025-07-24T20:26:58.24Z" },
    { url = "https://files.pythonhosted.org/packages/a7/17/2cf60fd3e6a61d006778735edf67a222787a8c1a7842aed43ef96d777446/numpy-2.3.2-cp311-cp311-win32.whl", hash = "sha256:4ae6863868aaee2f57503c7a5052b3a2807cf7a3914475e637a0ecd366ced220", size = 6599494, upload-time = "2025-07-24T20:27:09.786Z" },
    { url = "https://files.pythonhosted.org/packages/d5/03/0eade211c504bda872a594f045f98ddcc6caef2b7c63610946845e304d3f/numpy-2.3.2-cp311-cp311-win_amd64.whl", hash = "sha256:240259d6564f1c65424bcd10f435145a7644a65a6811cfc3201c4a429ba79170", size = 13087889, upload-time = "2025-07-24T20:27:29.558Z" },
    { url = "https://files.pythonhosted.org/packages/13/32/2c7979d39dafb2a25087e12310fc7f3b9d3c7d960df4f4bc97955ae0ce1d/numpy-2.3.2-cp311-cp311-win_arm64.whl", hash = "sha256:4209f874d45f921bde2cff1ffcd8a3695f545ad2ffbef6d3d3c6768162efab89", size = 10459560, upload-time = "2025-07-24T20:27:46.803Z" },
    { url = "https://files.pythonhosted.org/packages/cf/ea/50ebc91d28b275b23b7128ef25c3d08152bc4068f42742867e07a870a42a/numpy-2.3.2-pp311-pypy311_pp73-macosx_10_15_x86_64.whl", hash = "sha256:14a91ebac98813a49bc6aa1a0dfc09513dcec1d97eaf31ca21a87221a1cdcb15", size = 21130338, upload-time = "2025-07-24T20:57:54.37Z" },
    { url = "https://files.pythonhosted.org/packages/9f/57/cdd5eac00dd5f137277355c318a955c0d8fb8aa486020c22afd305f8b88f/numpy-2.3.2-pp311-pypy311_pp73-macosx_11_0_arm64.whl", hash = "sha256:71669b5daae692189540cffc4c439468d35a3f84f0c88b078ecd94337f6cb0ec", size = 14375776, upload-time = "2025-07-24T20:58:16.303Z" },
    { url = "https://files.pythonhosted.org/packages/83/85/27280c7f34fcd305c2209c0cdca4d70775e4859a9eaa92f850087f8dea50/numpy-2.3.2-pp311-pypy311_pp73-macosx_14_0_arm64.whl", hash = "sha256:69779198d9caee6e547adb933941ed7520f896fd9656834c300bdf4dd8642712", size = 5304882, upload-time = "2025-07-24T20:58:26.199Z" },
    { url = "https://files.pythonhosted.org/packages/48/b4/6500b24d278e15dd796f43824e69939d00981d37d9779e32499e823aa0aa/numpy-2.3.2-pp311-pypy311_pp73-macosx_14_0_x86_64.whl", hash = "sha256:2c3271cc4097beb5a60f010bcc1cc204b300bb3eafb4399376418a83a1c6373c", size = 6818405, upload-time = "2025-07-24T20:58:37.341Z" },
    { url = "https://files.pythonhosted.org/packages/9b/c9/142c1e03f199d202da8e980c2496213509291b6024fd2735ad28ae7065c7/numpy-2.3.2-pp311-pypy311_pp73-manylinux_2_27_aarch64.manylinux_2_28_aarch64.whl", hash = "sha256:8446acd11fe3dc1830568c941d44449fd5cb83068e5c70bd5a470d323d448296", size = 14419651, upload-time = "2025-07-24T20:58:59.048Z" },
    { url = "https://files.pythonhosted.org/packages/8b/95/8023e87cbea31a750a6c00ff9427d65ebc5fef104a136bfa69f76266d614/numpy-2.3.2-pp311-pypy311_pp73-manylinux_2_27_x86_64.manylinux_2_28_x86_64.whl", hash = "sha256:aa098a5ab53fa407fded5870865c6275a5cd4101cfdef8d6fafc48286a96e981", size = 16760166, upload-time = "2025-07-24T21:28:56.38Z" },
    { url = "https://files.pythonhosted.org/packages/78/e3/6690b3f85a05506733c7e90b577e4762517404ea78bab2ca3a5cb1aeb78d/numpy-2.3.2-pp311-pypy311_pp73-win_amd64.whl", hash = "sha256:6936aff90dda378c09bea075af0d9c675fe3a977a9d2402f95a87f440f59f619", size = 12977811, upload-time = "2025-07-24T21:29:18.234Z" },
]

[[package]]
name = "packaging"
version = "26.3"
source = { registry = "https://pypi.org/simple" }
sdist = { url = "https://files.pythonhosted.org/packages/7d/fa/3944b40b07da9ce895c0e6303a5ab7d53da063554f534556b134a54d6093/packaging-26.3.tar.gz", hash = "sha256:94edc256424af38762eb31306eed28beb9f0efc50a8837492c9d6fd6004aed79", size = 313412, upload-time = "2026-08-04T18:15:28.737Z" }
wheels = [
    { url = "https://files.pythonhosted.org/packages/63/34/ba1c580383c9eada3711951fef0795c80b829a078d72188184bcab9dd527/packaging-26.3-py3-none-any.whl", hash = "sha256:d7193f7c8e4e93f444fde0262bf90af30e16fa0ad0ad44cb553c87339b23cd1c", size = 129956, upload-time = "2026-08-04T18:15:27.159Z" },
]

[[package]]
name = "picsl-greedy"
version = "1.4.0"
source = { registry = "https://pypi.org/simple" }
dependencies = [
    { name = "numpy" },
    { name = "simpleitk" },
    { name = "typing-extensions" },
]
wheels = [
    { url = "https://files.pythonhosted.org/packages/d0/4a/70041890ba6b6a8cd13b5aa6d044dcf5237d34a8b119fefc57a423e29f5e/picsl_greedy-1.4.0-cp311-cp311-macosx_10_13_x86_64.whl", hash = "sha256:3d274d756c8fc66e3a8e15d816c871491e33aa9f1f999ba28d3f9c128f7548d0", size = 34208852, upload-time = "2026-08-03T20:11:01.134Z" },
    { url = "https://files.pythonhosted.org/packages/c0/b8/93dba8f112cc162baf62cc41ff3dcab20438cca24daecefc7507fa13e9eb/picsl_greedy-1.4.0-cp311-cp311-macosx_11_0_arm64.whl", hash = "sha256:eb7f360bb96eccb8b144fa45ee0f0e64286d0beeb15614cf3c91052da9ad7f09", size = 28138526, upload-time = "2026-08-03T20:11:03.638Z" },
    { url = "https://files.pythonhosted.org/packages/a9/2e/12d700dfc453c2d86796b94f54c0bf898dcec714a01150fd89248c3e9543/picsl_greedy-1.4.0-cp311-cp311-manylinux_2_17_x86_64.manylinux2014_x86_64.whl", hash = "sha256:e4d3ab6347e40bac53b6e875f8c1f20cdf5611ca6bd93fb7c9b095c596303952", size = 39080860, upload-time = "2026-08-03T20:11:06.421Z" },
    { url = "https://files.pythonhosted.org/packages/a5/85/5b6f3f48216d081129bb98b870844505c0598c17b9fe3970e464ca56ed36/picsl_greedy-1.4.0-cp311-cp311-win_amd64.whl", hash = "sha256:15a1c734d75f6c4ba4d12d763db98e5d599df18491a78a67642fa58fafeca38b", size = 18218680, upload-time = "2026-08-03T20:11:10.016Z" },
]

[[package]]
name = "pluggy"
version = "1.6.0"
source = { registry = "https://pypi.org/simple" }
sdist = { url = "https://files.pythonhosted.org/packages/f9/e2/3e91f31a7d2b083fe6ef3fa267035b518369d9511ffab804f839851d2779/pluggy-1.6.0.tar.gz", hash = "sha256:7dcc130b76258d33b90f61b658791dede3486c3e6bfb003ee5c9bfb396dd22f3", size = 69412, upload-time = "2025-05-15T12:30:07.975Z" }
wheels = [
    { url = "https://files.pythonhosted.org/packages/54/20/4d324d65cc6d9205fabedc306948156824eb9f0ee1633355a8f7ec5c66bf/pluggy-1.6.0-py3-none-any.whl", hash = "sha256:e920276dd6813095e9377c0bc5566d94c932c33b27a3e3945d8389c374dd4746", size = 20538, upload-time = "2025-05-15T12:30:06.134Z" },
]

[[package]]
name = "pytest"
version = "8.3.4"
source = { registry = "https://pypi.org/simple" }
dependencies = [
    { name = "colorama", marker = "sys_platform == 'win32'" },
    { name = "iniconfig" },
    { name = "packaging" },
    { name = "pluggy" },
]
sdist = { url = "https://files.pythonhosted.org/packages/05/35/30e0d83068951d90a01852cb1cef56e5d8a09d20c7f511634cc2f7e0372a/pytest-8.3.4.tar.gz", hash = "sha256:965370d062bce11e73868e0335abac31b4d3de0e82f4007408d242b4f8610761", size = 1445919, upload-time = "2024-12-01T12:54:25.98Z" }
wheels = [
    { url = "https://files.pythonhosted.org/packages/11/92/76a1c94d3afee238333bc0a42b82935dd8f9cf8ce9e336ff87ee14d9e1cf/pytest-8.3.4-py3-none-any.whl", hash = "sha256:50e16d954148559c9a74109af1eaf0c945ba2d8f30f0a3d3335edde19788b6f6", size = 343083, upload-time = "2024-12-01T12:54:19.735Z" },
]

[[package]]
name = "sadt-greedyreg"
version = "0.1.0"
source = { editable = "." }
dependencies = [
    { name = "nibabel" },
    { name = "numpy" },
    { name = "picsl-greedy" },
]

[package.dev-dependencies]
dev = [
    { name = "pytest" },
    { name = "sadt-testkit" },
]

[package.metadata]
requires-dist = [
    { name = "nibabel", specifier = "==5.4.2" },
    { name = "numpy", specifier = "==2.3.2" },
    { name = "picsl-greedy", specifier = "==1.4.0" },
]

[package.metadata.requires-dev]
dev = [
    { name = "pytest", specifier = "==8.3.4" },
    { name = "sadt-testkit", editable = "../../testkit" },
]

[[package]]
name = "sadt-testkit"
version = "0.1.0"
source = { editable = "../../testkit" }

[package.metadata]

[package.metadata.requires-dev]
dev = [
    { name = "numpy", specifier = "==1.26.4" },
    { name = "pytest", specifier = "==8.3.4" },
]

[[package]]
name = "simpleitk"
version = "2.5.6"
source = { registry = "https://pypi.org/simple" }
wheels = [
    { url = "https://files.pythonhosted.org/packages/c8/30/cb0eec647afea94c1d95bed3c0014a96565404e4225dba2c0c63bbdd6b9a/simpleitk-2.5.6-cp311-abi3-macosx_10_9_x86_64.whl", hash = "sha256:36658792fe2a62814cbfedb3b236ac722ca7e00953241726bc4a3a26cc7ef5a7", size = 42685058, upload-time = "2026-07-30T16:52:12.477Z" },
    { url = "https://files.pythonhosted.org/packages/68/e8/18d2351ef7b6a17c921f1fbac3a19dc3a27f6ea7749c2f5a5877e38202b9/simpleitk-2.5.6-cp311-abi3-macosx_11_0_arm64.whl", hash = "sha256:afcda49474748548fa1b7dbb9f557c3b9feafeb0dd3c2e05d771cc935c86646e", size = 38252322, upload-time = "2026-07-30T16:52:16.719Z" },
    { url = "https://files.pythonhosted.org/packages/ff/c3/9025397ec8638c261ba1fe56ffed06983df707a3bc961da5ef90157e5a25/simpleitk-2.5.6-cp311-abi3-manylinux2014_aarch64.manylinux_2_17_aarch64.whl", hash = "sha256:af7ca101b23233745b813481ea91694ecea95c3e3b6eed8dca37be39a60f6894", size = 48070098, upload-time = "2026-07-30T16:52:21.316Z" },
    { url = "https://files.pythonhosted.org/packages/f4/ec/301532fb2003e6557e6a12106eb1df572ed6f74c08c05c2e7a8913353383/simpleitk-2.5.6-cp311-abi3-manylinux2014_x86_64.manylinux_2_17_x86_64.whl", hash = "sha256:99242c333ed17138134e9749f3a484518f41baebab0fc0f0fe7c657ab8090c07", size = 52798369, upload-time = "2026-07-30T16:52:25.774Z" },
    { url = "https://files.pythonhosted.org/packages/16/d0/a746280d0987413e443c26f19fe5c559fb3034160ee0a7307ae2d85e8d59/simpleitk-2.5.6-cp311-abi3-win_amd64.whl", hash = "sha256:0002b298efb31332f99587cf26ed9f42c2c3ec006a0570f492dfc9ea27303d73", size = 18925827, upload-time = "2026-07-30T16:52:29.496Z" },
]

[[package]]
name = "typing-extensions"
version = "4.16.0"
source = { registry = "https://pypi.org/simple" }
sdist = { url = "https://files.pythonhosted.org/packages/f6/cc/6253133b5bb138fc3306cebfbda2c520f545d36b5be2c7255cc528bb45d6/typing_extensions-4.16.0.tar.gz", hash = "sha256:dc983d19a509c94dba722ee6abd33940f7c05a89e243c47e907eb4db6f1a43e5", size = 113555, upload-time = "2026-07-02T08:40:05.92Z" }
wheels = [
    { url = "https://files.pythonhosted.org/packages/49/d3/b8441a820a491ddfc024b0b0cf0393375b75ea13866d9c66727e54c2fc80/typing_extensions-4.16.0-py3-none-any.whl", hash = "sha256:481caa481374e813c1b176ada14e97f1f67a4539ce9cfeb3f350d78d6370c2e8", size = 45571, upload-time = "2026-07-02T08:40:04.659Z" },
]
