version = 1
revision = 3
requires-python = "==3.11.*"

[[package]]
name = "colorama"
version = "0.4.6"
source = { registry = "https://pypi.org/simple" }
sdist = { url = "https://files.pythonhosted.org/packages/d8/53/6f443c9a4a8358a93a6792e2acffb9d9d5cb0a5cfd8802644b7b1c9a02e4/colorama-0.4.6.tar.gz", hash = "sha256:08695f5cb7ed6e0531a20572697297273c47b8cae5a63ffc6d6ed5c201be6e44", size = 27697, upload-time = "2022-10-25T02:36:22.414Z" }
wheels = [
    { url = "https://files.pythonhosted.org/packages/d1/d6/3965ed04c63042e047cb6a3e6ed1a63a35087b6a609aa3a15ed8ac56c221/colorama-0.4.6-py2.py3-none-any.whl", hash = "sha256:4f1d9991f5acc0ca119f9d443620b77f9d6b33703e51011c16baf57afb285fc6", size = 25335, upload-time = "2022-10-25T02:36:20.889Z" },
]

[[package]]
name = "filelock"
version = "3.32.3"
source = { registry = "https://pypi.org/simple" }
sdist = { url = "https://files.pythonhosted.org/packages/7d/64/a02e6765de08964ed371eca577870593245afc9dfac16d037de7c10d18e6/filelock-3.32.3.tar.gz", hash = "sha256:0ffa185a3540854c95caa7fa76b76cb219d907415e2c5dc9af25fd970563487f", size = 218135, upload-time = "2026-08-13T16:00:05.577Z" }
wheels = [
    { url = "https://files.pythonhosted.org/packages/a7/8e/50f46a9c0ce8d2861a394c1347caae037ea0431d2f67d7feb151cbc4649a/filelock-3.32.3-py3-none-any.whl", hash = "sha256:7f0ca4bcc0e181c60dbbd8aa9ab5b120ebb99e4e064e83636340056f833a1f09", size = 98901, upload-time = "2026-08-13T16:00:03.974Z" },
]

[[package]]
name = "fsspec"
version = "2026.7.0"
source = { registry = "https://pypi.org/simple" }
sdist = { url = "https://files.pythonhosted.org/packages/00/78/f34251dadb8f3921264a1d9b8946f5e542014ee2614b285261b4e40e6775/fsspec-2026.7.0.tar.gz", hash = "sha256:c803c40f4cf860b49dea58ee3e1c33cb9c790520e233537e1340049f89b82a88", size = 317040, upload-time = "2026-07-28T16:34:51.052Z" }
wheels = [
    { url = "https://files.pythonhosted.org/packages/fd/3c/6a2bf344106328fd04963664a60b9bb6496fc25df8e962fcdc1367285fb9/fsspec-2026.7.0-py3-none-any.whl", hash = "sha256:b57ddbafedfaef7018c1ecab32aa200a9d7ca26b77965f64e48b70061249d279", size = 206583, upload-time = "2026-07-28T16:34:49.538Z" },
]

[[package]]
name = "iniconfig"
version = "2.3.0"
source = { registry = "https://pypi.org/simple" }
sdist = { url = "https://files.pythonhosted.org/packages/72/34/14ca021ce8e5dfedc35312d08ba8bf51fdd999c576889fc2c24cb97f4f10/iniconfig-2.3.0.tar.gz", hash = "sha256:c76315c77db068650d49c5b56314774a7804df16fee4402c1f19d6d15d8c4730", size = 20503, upload-time = "2025-10-18T21:55:43.219Z" }
wheels = [
    { url = "https://files.pythonhosted.org/packages/cb/b1/3846dd7f199d53cb17f49cba7e651e9ce294d8497c8c150530ed11865bb8/iniconfig-2.3.0-py3-none-any.whl", hash = "sha256:f631c04d2c48c52b84d0d0549c99ff3859c98df65b3101406327ecc7d53fbf12", size = 7484, upload-time = "2025-10-18T21:55:41.639Z" },
]

[[package]]
name = "itk"
version = "5.4.7"
source = { registry = "https://pypi.org/simple" }
dependencies = [
    { name = "itk-core" },
    { name = "itk-filtering" },
    { name = "itk-io" },
    { name = "itk-numerics" },
    { name = "itk-registration" },
    { name = "itk-segmentation" },
    { name = "numpy" },
]
wheels = [
    { url = "https://files.pythonhosted.org/packages/13/bf/7202a7b3caca14237035b588a614c364a2a0d815692f0b918bdb1a2e9957/itk-5.4.7-cp311-abi3-macosx_10_9_x86_64.whl", hash = "sha256:d4c3311b3294697adef1785867f0c60f2314bc2ce202ff528dfab38f2b0a4e5b", size = 16784, upload-time = "2026-08-07T00:31:18.706Z" },
    { url = "https://files.pythonhosted.org/packages/d0/65/41a94f4feefe21c7fd42604b35940c8c2a139fcb92f5c80dcc3fcb7fb07e/itk-5.4.7-cp311-abi3-macosx_11_0_arm64.whl", hash = "sha256:c7c254419071b178bdf3b50b5542aaef5de3b54bc524b1f6fea72c62f531e590", size = 16785, upload-time = "2026-08-07T00:31:19.629Z" },
    { url = "https://files.pythonhosted.org/packages/cb/83/d29f05796ccc6abc05b0780f57234b0d984bc923285c2c2e959ba87589e1/itk-5.4.7-cp311-abi3-manylinux2014_x86_64.whl", hash = "sha256:9297419ccac8f0fd455ce08f4ba0580632f7be43c28c02ad0cbdeb19cd0c211e", size = 16795, upload-time = "2026-08-07T00:31:20.425Z" },
    { url = "https://files.pythonhosted.org/packages/4a/b4/e2e0611a677cc4682807a7bc48dd67369ff9d0a6218d11c217c110062658/itk-5.4.7-cp311-abi3-manylinux_2_28_aarch64.whl", hash = "sha256:f2ae79ad0a63ab4ad61fa630e8564ab5bac4fea1c4aad4db2f52bac4f460dffc", size = 16797, upload-time = "2026-08-07T00:31:21.211Z" },
    { url = "https://files.pythonhosted.org/packages/07/a7/98fcd0046d3249de328395a96b9a0428c11813eebe631e6a1299a9bafe85/itk-5.4.7-cp311-abi3-manylinux_2_28_x86_64.whl", hash = "sha256:d74574c8a0196e82788e6f9991ee05ed5935d2d42e2209ef540fce9274cf2eb4", size = 16796, upload-time = "2026-08-07T00:31:22.13Z" },
    { url = "https://files.pythonhosted.org/packages/4b/48/1989c170cb5a74d06c0eb9fcc47812b0ba013cb73b514ab8892ddcc3b0f4/itk-5.4.7-cp311-abi3-win_amd64.whl", hash = "sha256:56ca4981924ed2ba30503c319dcdb63981504c0927aa68afd33468f33c44ecb3", size = 16780, upload-time = "2026-08-07T00:31:22.909Z" },
]

[[package]]
name = "itk-core"
version = "5.4.7"
source = { registry = "https://pypi.org/simple" }
dependencies = [
    { name = "numpy" },
]
wheels = [
    { url = "https://files.pythonhosted.org/packages/78/28/114f2b0da5f846939756db0e4bda79ec951597dd45c9b234d6ae9f20a65d/itk_core-5.4.7-cp311-abi3-macosx_10_9_x86_64.whl", hash = "sha256:7e6e7f42f7c7017c19c0462080909ebb3e39ffefc131f4048aa8f749812cc112", size = 71065728, upload-time = "2026-08-07T00:31:50.504Z" },
    { url = "https://files.pythonhosted.org/packages/3e/ad/977096c45990de9fd9e7406c9dfac7f009e8dc51c5abb26ceb82530e0923/itk_core-5.4.7-cp311-abi3-macosx_11_0_arm64.whl", hash = "sha256:648749d347b9d0673e87edbe934bc32e93c9cd82ee1c5546291a9eca921b9186", size = 60240109, upload-time = "2026-08-07T00:31:53.786Z" },
    { url = "https://files.pythonhosted.org/packages/09/d0/aa498f30e459828fa4a23dec423dbbfd32adef60d0df8eacc53ac87a1fb3/itk_core-5.4.7-cp311-abi3-manylinux2014_x86_64.manylinux_2_17_x86_64.whl", hash = "sha256:8b8c42cfd86d0be761b4a9e8b13e72d14f4e7ec8eff96fbd7b775f42f8daed2a", size = 83571354, upload-time = "2026-08-07T00:31:57.169Z" },
    { url = "https://files.pythonhosted.org/packages/8c/91/7b3e868c4e6d9d6538e3425b41ceacb9de25d21ea3c0c4ab2d4b9259bff8/itk_core-5.4.7-cp311-abi3-manylinux_2_27_aarch64.manylinux_2_28_aarch64.whl", hash = "sha256:d16110e8fc530a0eb53c6b967ec05310bb6ef909fed1cedb5988b9231d5e3e3f", size = 73324257, upload-time = "2026-08-07T00:32:00.735Z" },
    { url = "https://files.pythonhosted.org/packages/d0/58/f8f997384254b39d369ce63d369d9cd262b411d32d901e4aa0d39de41c91/itk_core-5.4.7-cp311-abi3-manylinux_2_27_x86_64.manylinux_2_28_x86_64.whl", hash = "sha256:a48dd8ab99de8d4a758932c1923ef05bbc148d0aba6f07425c2fc69c5c323787", size = 81457408, upload-time = "2026-08-07T00:32:04.216Z" },
    { url = "https://files.pythonhosted.org/packages/0e/94/438dff9330683fcc529c2b4ccfe0b3f90b4e7f53c4997e7a5a08aad80a7f/itk_core-5.4.7-cp311-abi3-win_amd64.whl", hash = "sha256:c16055aa7f7c528d0e474987c54a440b12009e5d72ae313719ca8bc3f36f7678", size = 37568287, upload-time = "2026-08-07T00:32:09.458Z" },
]

[[package]]
name = "itk-filtering"
version = "5.4.7"
source = { registry = "https://pypi.org/simple" }
dependencies = [
    { name = "itk-numerics" },
]
wheels = [
    { url = "https://files.pythonhosted.org/packages/c8/a2/af38f70252ab8b310727d6cb8f4271ffe08e7c92c0194b7af1531c9ccf87/itk_filtering-5.4.7-cp311-abi3-macosx_10_9_x86_64.whl", hash = "sha256:3141e34cbbcb0de3c97d5b80919f05a87459943779888da93569c015c5fd57f9", size = 46751640, upload-time = "2026-08-07T00:32:50.524Z" },
    { url = "https://files.pythonhosted.org/packages/20/ee/d6b45ac88e554f31cfeeb30b457680991948f6a720dd9e6785c2b1bfd18f/itk_filtering-5.4.7-cp311-abi3-macosx_11_0_arm64.whl", hash = "sha256:4039494c48938d20ed7ce2a0c5680902b7160af1e5f8d4c511be5b8507404b8e", size = 38992990, upload-time = "2026-08-07T00:32:53.341Z" },
    { url = "https://files.pythonhosted.org/packages/6a/28/c09c756e80d4c2ca9cb6ba5899116719a4167001e8b5ee252ca3c776fcfe/itk_filtering-5.4.7-cp311-abi3-manylinux2014_x86_64.manylinux_2_17_x86_64.whl", hash = "sha256:3c29348abc0a24d668818c0651702e11c69a946053511baf588713ec5f60fdfa", size = 69480739, upload-time = "2026-08-07T00:32:56.85Z" },
    { url = "https://files.pythonhosted.org/packages/88/d4/c7afce042901422cf87930cc591ff898a6b9221c676b06c6e5c96ea18182/itk_filtering-5.4.7-cp311-abi3-manylinux_2_27_aarch64.manylinux_2_28_aarch64.whl", hash = "sha256:ced346599ebf3f0437263c167099615304519f279e01036fa428919df070cea8", size = 63912362, upload-time = "2026-08-07T00:33:00.042Z" },
    { url = "https://files.pythonhosted.org/packages/5c/76/bac5e891715e47ffc415a5010aaf1282a78142c466762b2da5a9162ac679/itk_filtering-5.4.7-cp311-abi3-manylinux_2_27_x86_64.manylinux_2_28_x86_64.whl", hash = "sha256:a5b88431bc519c1f5c3988e53a70ca16767e1e6333a26ef3bc12b35ab4721496", size = 67828457, upload-time = "2026-08-07T00:33:03.058Z" },
    { url = "https://files.pythonhosted.org/packages/39/38/c55a9d5938f137481be657b77cd31f7080363a60c176df4568199b666fd0/itk_filtering-5.4.7-cp311-abi3-win_amd64.whl", hash = "sha256:00a4a98a877ab7ee55610b18b912720f5cbfed90581d059e16a5cc8df4c4b0b8", size = 23571185, upload-time = "2026-08-07T00:33:05.587Z" },
]

[[package]]
name = "itk-io"
version = "5.4.7"
source = { registry = "https://pypi.org/simple" }
dependencies = [
    { name = "itk-core" },
]
wheels = [
    { url = "https://files.pythonhosted.org/packages/e2/be/fe6d74ee8c778df437b60e6ca2ef436db46b3356ecb59a4608a33a67b18e/itk_io-5.4.7-cp311-abi3-macosx_10_9_x86_64.whl", hash = "sha256:3de7b45085dbd25281a590ebf9c6b1dafbaeff080eceabc8eb0d7fb3c5394876", size = 22352038, upload-time = "2026-08-07T00:33:43.103Z" },
    { url = "https://files.pythonhosted.org/packages/eb/a9/10e4bb2d9e9cfb558de75a71e9f634f109de4e078086d8622eda61d9e5cc/itk_io-5.4.7-cp311-abi3-macosx_11_0_arm64.whl", hash = "sha256:d158bb1cd9746238a11717ec63a05006b5dfd14c4699a0edc2ab42c02c492532", size = 17788177, upload-time = "2026-08-07T00:33:45.417Z" },
    { url = "https://files.pythonhosted.org/packages/3f/57/a4fb7ad91765efb8fe76084a0cadacf6846206430f4d9968379a3306f845/itk_io-5.4.7-cp311-abi3-manylinux2014_x86_64.manylinux_2_17_x86_64.whl", hash = "sha256:b5242e7cf3b7dd4a01478844a5421e637c9b860ad5c7620ef4019398d96efdc0", size = 27681500, upload-time = "2026-08-07T00:33:47.575Z" },
    { url = "https://files.pythonhosted.org/packages/e2/77/68b94a420cb6faaceb6d9880fe3001da7ebe60288b306adb914d314a0acb/itk_io-5.4.7-cp311-abi3-manylinux_2_28_aarch64.whl", hash = "sha256:a1b67764abd71a0dd5b9827ad400db2eae6a9a777a185b51681d61961c5bde2a", size = 25597098, upload-time = "2026-08-07T00:33:50.324Z" },
    { url = "https://files.pythonhosted.org/packages/ee/3c/335d93a3137e1ff1c1468ff760f862a5d43c9778e1441e6d177e4495d8ad/itk_io-5.4.7-cp311-abi3-manylinux_2_28_x86_64.whl", hash = "sha256:a2af543cc0e2dea6549fca6af0fd08ed84cd92b34c3f25bda5e01b4000ec7d2f", size = 28014426, upload-time = "2026-08-07T00:33:53.336Z" },
    { url = "https://files.pythonhosted.org/packages/05/07/e42792e040812ec2030b8971f4f06919f6055e651facdeecb9d2fdac6659/itk_io-5.4.7-cp311-abi3-win_amd64.whl", hash = "sha256:8c7e6a7842137fd360d80e80d9c26618df9662114d6c98f12b24be9be769da43", size = 8681668, upload-time = "2026-08-07T00:33:55.659Z" },
]

[[package]]
name = "itk-numerics"
version = "5.4.7"
source = { registry = "https://pypi.org/simple" }
dependencies = [
    { name = "itk-core" },
]
wheels = [
    { url = "https://files.pythonhosted.org/packages/0e/93/aa995c45578aeccd9f3d812b462dbd0f13833c819e1c9f3fb2e6c3dd1216/itk_numerics-5.4.7-cp311-abi3-macosx_10_9_x86_64.whl", hash = "sha256:1c4ec9266c4c071aa1477e37ea5a936c49df77e52ac3efd3ba418200b7d5bf03", size = 35826600, upload-time = "2026-08-07T00:34:30.358Z" },
    { url = "https://files.pythonhosted.org/packages/19/a9/7ffd72245838a3cbf9c83f37f9245ed4541b3f5d3c979e8e6c0d3efef6bf/itk_numerics-5.4.7-cp311-abi3-macosx_11_0_arm64.whl", hash = "sha256:184dea905f5a6af6fa72750d5831baf48b59c2cc7070f345281e18918b33fed3", size = 30873563, upload-time = "2026-08-07T00:34:32.961Z" },
    { url = "https://files.pythonhosted.org/packages/70/aa/d72ab2e3a34bb90ddb9eb58b17e3d644a39a948fcc5f752b504272d052c1/itk_numerics-5.4.7-cp311-abi3-manylinux2014_x86_64.manylinux_2_17_x86_64.whl", hash = "sha256:86586ff1ff2a07c2c2fbfc3ba50e1fd21efc705a30ba015d1a30972cfa218308", size = 58139915, upload-time = "2026-08-07T00:34:35.778Z" },
    { url = "https://files.pythonhosted.org/packages/f6/d3/23ed57a416da484791083745d1f81ef7c4539eedf8ed8cefdea34dec848a/itk_numerics-5.4.7-cp311-abi3-manylinux_2_27_aarch64.manylinux_2_28_aarch64.whl", hash = "sha256:e37390e4527b62bd6bbe162676c1cad818635794c24742547cb64fc3c7e23860", size = 53995183, upload-time = "2026-08-07T00:34:38.666Z" },
    { url = "https://files.pythonhosted.org/packages/eb/b8/1ed64dea0b253ec431f4b9289394242e3cbc186a1fa73d72f24328094615/itk_numerics-5.4.7-cp311-abi3-manylinux_2_27_x86_64.manylinux_2_28_x86_64.whl", hash = "sha256:473925bdabcb7c5feebef03c6fde4bc916c577776f8b9bfea69e826d7855d668", size = 57197252, upload-time = "2026-08-07T00:34:41.785Z" },
    { url = "https://files.pythonhosted.org/packages/cf/19/a81c006fba7091805e96311291f2f04d19382d4d769cf6fc1fc352b438ff/itk_numerics-5.4.7-cp311-abi3-win_amd64.whl", hash = "sha256:09b3dc9efbf75ba827c03edbfc6214bfad86a643c517a19014eb37969bb139a5", size = 19725436, upload-time = "2026-08-07T00:34:45.142Z" },
]

[[package]]
name = "itk-registration"
version = "5.4.7"
source = { registry = "https://pypi.org/simple" }
dependencies = [
    { name = "itk-filtering" },
]
wheels = [
    { url = "https://files.pythonhosted.org/packages/66/75/5de9e78a905797080ebb8bbd6b2e41374f609a51e8f527bfd1b69a73f7c0/itk_registration-5.4.7-cp311-abi3-macosx_10_9_x86_64.whl", hash = "sha256:2efa16df50323f2f46c9e9ad20201ba959e36629821da0bca4261eb343cecd34", size = 22012924, upload-time = "2026-08-07T00:44:36.056Z" },
    { url = "https://files.pythonhosted.org/packages/ed/34/47d7eebd21548a604dfe519fa59e27bc493feaca7e2bc1d6405668c11c3a/itk_registration-5.4.7-cp311-abi3-macosx_11_0_arm64.whl", hash = "sha256:1dc2bcf5efc8a4e6cea88a8054a3b02cb079dbe1bf88971f1a2519ba12ccc6ef", size = 17848682, upload-time = "2026-08-07T00:44:38.549Z" },
    { url = "https://files.pythonhosted.org/packages/da/df/8ef08a92b78b39cf1691d33442d2069e7efbfcd8579c3ae809a43e0dd0e4/itk_registration-5.4.7-cp311-abi3-manylinux2014_x86_64.manylinux_2_17_x86_64.whl", hash = "sha256:3190ab55c41e9c33d036979cc384bd02d5f25c4b58896906da24700d10eca057", size = 29007536, upload-time = "2026-08-07T00:44:40.829Z" },
    { url = "https://files.pythonhosted.org/packages/08/f6/103b6a530cb85bea70bbbf2871067be1b8ab36a014676c6dd4bbfeb3116a/itk_registration-5.4.7-cp311-abi3-manylinux_2_27_aarch64.manylinux_2_28_aarch64.whl", hash = "sha256:d2756c2a86218aca1682ad13ec9d7b4fd32120f0ff335080691e42d11fb506b8", size = 26115954, upload-time = "2026-08-07T00:44:43.765Z" },
    { url = "https://files.pythonhosted.org/packages/58/22/e343caf0e1a18758806cdef060909f0691f7b17f59dcdc07dac8f6289650/itk_registration-5.4.7-cp311-abi3-manylinux_2_27_x86_64.manylinux_2_28_x86_64.whl", hash = "sha256:d71e4af418aaf5d4846aaf2615e3bace9aef75ee78a9667a9455ed3016a3f645", size = 28541907, upload-time = "2026-08-07T00:44:46.674Z" },
    { url = "https://files.pythonhosted.org/packages/99/b7/ae39f4e1d3c57526686de56f41a8c351f1632ed230b8932e6085869b3993/itk_registration-5.4.7-cp311-abi3-win_amd64.whl", hash = "sha256:1675047bc637bfb039ebd6fe08f2567ac28c04ecabf0ece88067b1e182ba7ce8", size = 9527196, upload-time = "2026-08-07T00:44:48.956Z" },
]

[[package]]
name = "itk-segmentation"
version = "5.4.7"
source = { registry = "https://pypi.org/simple" }
dependencies = [
    { name = "itk-filtering" },
]
wheels = [
    { url = "https://files.pythonhosted.org/packages/74/db/989ea924748a7953efc38902d7a071cfe6750c983e8bf8ed8520e68541de/itk_segmentation-5.4.7-cp311-abi3-macosx_10_9_x86_64.whl", hash = "sha256:05954ee97e7df4da96b0195723d91baeba1907bcd1d5fc433e700c8dbb599f9f", size = 13067851, upload-time = "2026-08-07T00:45:18.207Z" },
    { url = "https://files.pythonhosted.org/packages/e0/8f/1dade3ec293fa00bc3ce1776888146dabe1bcd79db63cb1c6abadc6dd752/itk_segmentation-5.4.7-cp311-abi3-macosx_11_0_arm64.whl", hash = "sha256:52d0517ebee2b087f2dd3f4c5fceb2213853bbd0579a247bb0c441782f4aa776", size = 11040197, upload-time = "2026-08-07T00:45:20.649Z" },
    { url = "https://files.pythonhosted.org/packages/2d/77/bf9d20771e0714c77a092d43a4b2f627f08e674d4552cf26adb4532b1137/itk_segmentation-5.4.7-cp311-abi3-manylinux2014_x86_64.manylinux_2_17_x86_64.whl", hash = "sha256:51162aad2728fc009acac81cbcfa2ed21bd14ccfda74423806efee3a0c3f2506", size = 16467231, upload-time = "2026-08-07T00:45:22.993Z" },
    { url = "https://files.pythonhosted.org/packages/d3/36/d83ee821342339f4347f38bd3ab44d8b23da00368941533982f73e0ed551/itk_segmentation-5.4.7-cp311-abi3-manylinux_2_27_aarch64.manylinux_2_28_aarch64.whl", hash = "sha256:1393bfad55807673a7976eeb3edb4f77afd7ea003439b2ae5abe2ebd74f2ecd9", size = 14650848, upload-time = "2026-08-07T00:45:25.332Z" },
    { url = "https://files.pythonhosted.org/packages/5f/48/bdf880537d06b06918e696e90e1a963708aef6094788e0836df7b45c617f/itk_segmentation-5.4.7-cp311-abi3-manylinux_2_27_x86_64.manylinux_2_28_x86_64.whl", hash = "sha256:9746ada767eac9f118b386b58c7e4416765683b3e5e9fe46e20c46d5db503754", size = 15895887, upload-time = "2026-08-07T00:45:27.544Z" },
    { url = "https://files.pythonhosted.org/packages/d8/ab/434d673c5254bd5227a2cb9f8faa282373947139431f172e23c690fa9e75/itk_segmentation-5.4.7-cp311-abi3-win_amd64.whl", hash = "sha256:79705efb3c160ad65648a2dff7a2ee8c5cafeb1af32aac5eaff9e481fbbac743", size = 5034085, upload-time = "2026-08-07T00:45:29.94Z" },
]

[[package]]
name = "jinja2"
version = "3.1.6"
source = { registry = "https://pypi.org/simple" }
dependencies = [
    { name = "markupsafe" },
]
sdist = { url = "https://files.pythonhosted.org/packages/df/bf/f7da0350254c0ed7c72f3e33cef02e048281fec7ecec5f032d4aac52226b/jinja2-3.1.6.tar.gz", hash = "sha256:0137fb05990d35f1275a587e9aee6d56da821fc83491a0fb838183be43f66d6d", size = 245115, upload-time = "2025-03-05T20:05:02.478Z" }
wheels = [
    { url = "https://files.pythonhosted.org/packages/62/a1/3d680cbfd5f4b8f15abc1d571870c5fc3e594bb582bc3b64ea099db13e56/jinja2-3.1.6-py3-none-any.whl", hash = "sha256:85ece4451f492d0c13c5dd7c13a64681a86afae63a5f347908daf103ce6d2f67", size = 134899, upload-time = "2025-03-05T20:05:00.369Z" },
]

[[package]]
name = "markupsafe"
version = "3.0.3"
source = { registry = "https://pypi.org/simple" }
sdist = { url = "https://files.pythonhosted.org/packages/7e/99/7690b6d4034fffd95959cbe0c02de8deb3098cc577c67bb6a24fe5d7caa7/markupsafe-3.0.3.tar.gz", hash = "sha256:722695808f4b6457b320fdc131280796bdceb04ab50fe1795cd540799ebe1698", size = 80313, upload-time = "2025-09-27T18:37:40.426Z" }
wheels = [
    { url = "https://files.pythonhosted.org/packages/08/db/fefacb2136439fc8dd20e797950e749aa1f4997ed584c62cfb8ef7c2be0e/markupsafe-3.0.3-cp311-cp311-macosx_10_9_x86_64.whl", hash = "sha256:1cc7ea17a6824959616c525620e387f6dd30fec8cb44f649e31712db02123dad", size = 11631, upload-time = "2025-09-27T18:36:18.185Z" },
    { url = "https://files.pythonhosted.org/packages/e1/2e/5898933336b61975ce9dc04decbc0a7f2fee78c30353c5efba7f2d6ff27a/markupsafe-3.0.3-cp311-cp311-macosx_11_0_arm64.whl", hash = "sha256:4bd4cd07944443f5a265608cc6aab442e4f74dff8088b0dfc8238647b8f6ae9a", size = 12058, upload-time = "2025-09-27T18:36:19.444Z" },
    { url = "https://files.pythonhosted.org/packages/1d/09/adf2df3699d87d1d8184038df46a9c80d78c0148492323f4693df54e17bb/markupsafe-3.0.3-cp311-cp311-manylinux2014_aarch64.manylinux_2_17_aarch64.manylinux_2_28_aarch64.whl", hash = "sha256:6b5420a1d9450023228968e7e6a9ce57f65d148ab56d2313fcd589eee96a7a50", size = 24287, upload-time = "2025-09-27T18:36:20.768Z" },
    { url = "https://files.pythonhosted.org/packages/30/ac/0273f6fcb5f42e314c6d8cd99effae6a5354604d461b8d392b5ec9530a54/markupsafe-3.0.3-cp311-cp311-manylinux2014_x86_64.manylinux_2_17_x86_64.manylinux_2_28_x86_64.whl", hash = "sha256:0bf2a864d67e76e5c9a34dc26ec616a66b9888e25e7b9460e1c76d3293bd9dbf", size = 22940, upload-time = "2025-09-27T18:36:22.249Z" },
    { url = "https://files.pythonhosted.org/packages/19/ae/31c1be199ef767124c042c6c3e904da327a2f7f0cd63a0337e1eca2967a8/markupsafe-3.0.3-cp311-cp311-manylinux_2_31_riscv64.manylinux_2_39_riscv64.whl", hash = "sha256:bc51efed119bc9cfdf792cdeaa4d67e8f6fcccab66ed4bfdd6bde3e59bfcbb2f", size = 21887, upload-time = "2025-09-27T18:36:23.535Z" },
    { url = "https://files.pythonhosted.org/packages/b2/76/7edcab99d5349a4532a459e1fe64f0b0467a3365056ae550d3bcf3f79e1e/markupsafe-3.0.3-cp311-cp311-musllinux_1_2_aarch64.whl", hash = "sha256:068f375c472b3e7acbe2d5318dea141359e6900156b5b2ba06a30b169086b91a", size = 23692, upload-time = "2025-09-27T18:36:24.823Z" },
    { url = "https://files.pythonhosted.org/packages/a4/28/6e74cdd26d7514849143d69f0bf2399f929c37dc2b31e6829fd2045b2765/markupsafe-3.0.3-cp311-cp311-musllinux_1_2_riscv64.whl", hash = "sha256:7be7b61bb172e1ed687f1754f8e7484f1c8019780f6f6b0786e76bb01c2ae115", size = 21471, upload-time = "2025-09-27T18:36:25.95Z" },
    { url = "https://files.pythonhosted.org/packages/62/7e/a145f36a5c2945673e590850a6f8014318d5577ed7e5920a4b3448e0865d/markupsafe-3.0.3-cp311-cp311-musllinux_1_2_x86_64.whl", hash = "sha256:f9e130248f4462aaa8e2552d547f36ddadbeaa573879158d721bbd33dfe4743a", size = 22923, upload-time = "2025-09-27T18:36:27.109Z" },
    { url = "https://files.pythonhosted.org/packages/0f/62/d9c46a7f5c9adbeeeda52f5b8d802e1094e9717705a645efc71b0913a0a8/markupsafe-3.0.3-cp311-cp311-win32.whl", hash = "sha256:0db14f5dafddbb6d9208827849fad01f1a2609380add406671a26386cdf15a19", size = 14572, upload-time = "2025-09-27T18:36:28.045Z" },
    { url = "https://files.pythonhosted.org/packages/83/8a/4414c03d3f891739326e1783338e48fb49781cc915b2e0ee052aa490d586/markupsafe-3.0.3-cp311-cp311-win_amd64.whl", hash = "sha256:de8a88e63464af587c950061a5e6a67d3632e36df62b986892331d4620a35c01", size = 15077, upload-time = "2025-09-27T18:36:29.025Z" },
    { url = "https://files.pythonhosted.org/packages/35/73/893072b42e6862f319b5207adc9ae06070f095b358655f077f69a35601f0/markupsafe-3.0.3-cp311-cp311-win_arm64.whl", hash = "sha256:3b562dd9e9ea93f13d53989d23a7e775fdfd1066c33494ff43f5418bc8c58a5c", size = 13876, upload-time = "2025-09-27T18:36:29.954Z" },
]

[[package]]
name = "monai"
version = "1.6.0"
source = { registry = "https://pypi.org/simple" }
dependencies = [
    { name = "numpy" },
    { name = "torch" },
]
sdist = { url = "https://files.pythonhosted.org/packages/f4/ac/b14b7bcc888526537698c5f4ff49354eb19bec74dcc30d7e73881a3839a8/monai-1.6.0.tar.gz", hash = "sha256:eded72f0a73531abb6887b9473b081a42c78ec8c80dc5f2da43df159da265b9b", size = 1275977, upload-time = "2026-06-22T16:47:51.668Z" }
wheels = [
    { url = "https://files.pythonhosted.org/packages/74/34/7c86652d06062d97bf30752ee5b77d68c78ea984210f1c28848fc1afcef0/monai-1.6.0-202606221745-py3-none-any.whl", hash = "sha256:8880fb294827448a15299f9313b96c057d87179a4efe7ae0c80085f21ec494ea", size = 1612831, upload-time = "2026-06-22T16:47:49.049Z" },
]

[[package]]
name = "mpmath"
version = "1.3.0"
source = { registry = "https://pypi.org/simple" }
sdist = { url = "https://files.pythonhosted.org/packages/e0/47/dd32fa426cc72114383ac549964eecb20ecfd886d1e5ccf5340b55b02f57/mpmath-1.3.0.tar.gz", hash = "sha256:7a28eb2a9774d00c7bc92411c19a89209d5da7c4c9a9e227be8330a23a25b91f", size = 508106, upload-time = "2023-03-07T16:47:11.061Z" }
wheels = [
    { url = "https://files.pythonhosted.org/packages/43/e3/7d92a15f894aa0c9c4b49b8ee9ac9850d6e63b03c9c32c0367a13ae62209/mpmath-1.3.0-py3-none-any.whl", hash = "sha256:a0b2b9fe80bbcd81a6647ff13108738cfb482d481d826cc0e02f5b35e5c88d2c", size = 536198, upload-time = "2023-03-07T16:47:09.197Z" },
]

[[package]]
name = "networkx"
version = "3.6.1"
source = { registry = "https://pypi.org/simple" }
sdist = { url = "https://files.pythonhosted.org/packages/6a/51/63fe664f3908c97be9d2e4f1158eb633317598cfa6e1fc14af5383f17512/networkx-3.6.1.tar.gz", hash = "sha256:26b7c357accc0c8cde558ad486283728b65b6a95d85ee1cd66bafab4c8168509", size = 2517025, upload-time = "2025-12-08T17:02:39.908Z" }
wheels = [
    { url = "https://files.pythonhosted.org/packages/9e/c9/b2622292ea83fbb4ec318f5b9ab867d0a28ab43c5717bb85b0a5f6b3b0a4/networkx-3.6.1-py3-none-any.whl", hash = "sha256:d47fbf302e7d9cbbb9e2555a0d267983d2aa476bac30e90dfbe5669bd57f3762", size = 2068504, upload-time = "2025-12-08T17:02:38.159Z" },
]

[[package]]
name = "numpy"
version = "2.3.2"
source = { registry = "https://pypi.org/simple" }
sdist = { url = "https://files.pythonhosted.org/packages/37/7d/3fec4199c5ffb892bed55cff901e4f39a58c81df9c44c280499e92cad264/numpy-2.3.2.tar.gz", hash = "sha256:e0486a11ec30cdecb53f184d496d1c6a20786c81e55e41640270130056f8ee48", size = 20489306, upload-time = "2025-07-24T21:32:07.553Z" }
wheels = [
    { url = "https://files.pythonhosted.org/packages/96/26/1320083986108998bd487e2931eed2aeedf914b6e8905431487543ec911d/numpy-2.3.2-cp311-cp311-macosx_10_9_x86_64.whl", hash = "sha256:852ae5bed3478b92f093e30f785c98e0cb62fa0a939ed057c31716e18a7a22b9", size = 21259016, upload-time = "2025-07-24T20:24:35.214Z" },
    { url = "https://files.pythonhosted.org/packages/c4/2b/792b341463fa93fc7e55abbdbe87dac316c5b8cb5e94fb7a59fb6fa0cda5/numpy-2.3.2-cp311-cp311-macosx_11_0_arm64.whl", hash = "sha256:7a0e27186e781a69959d0230dd9909b5e26024f8da10683bd6344baea1885168", size = 14451158, upload-time = "2025-07-24T20:24:58.397Z" },
    { url = "https://files.pythonhosted.org/packages/b7/13/e792d7209261afb0c9f4759ffef6135b35c77c6349a151f488f531d13595/numpy-2.3.2-cp311-cp311-macosx_14_0_arm64.whl", hash = "sha256:f0a1a8476ad77a228e41619af2fa9505cf69df928e9aaa165746584ea17fed2b", size = 5379817, upload-time = "2025-07-24T20:25:07.746Z" },
    { url = "https://files.pythonhosted.org/packages/49/ce/055274fcba4107c022b2113a213c7287346563f48d62e8d2a5176ad93217/numpy-2.3.2-cp311-cp311-macosx_14_0_x86_64.whl", hash = "sha256:cbc95b3813920145032412f7e33d12080f11dc776262df1712e1638207dde9e8", size = 6913606, upload-time = "2025-07-24T20:25:18.84Z" },
    { url = "https://files.pythonhosted.org/packages/17/f2/e4d72e6bc5ff01e2ab613dc198d560714971900c03674b41947e38606502/numpy-2.3.2-cp311-cp311-manylinux_2_27_aarch64.manylinux_2_28_aarch64.whl", hash = "sha256:f75018be4980a7324edc5930fe39aa391d5734531b1926968605416ff58c332d", size = 14589652, upload-time = "2025-07-24T20:25:40.356Z" },
    { url = "https://files.pythonhosted.org/packages/c8/b0/fbeee3000a51ebf7222016e2939b5c5ecf8000a19555d04a18f1e02521b8/numpy-2.3.2-cp311-cp311-manylinux_2_27_x86_64.manylinux_2_28_x86_64.whl", hash = "sha256:20b8200721840f5621b7bd03f8dcd78de33ec522fc40dc2641aa09537df010c3", size = 16938816, upload-time = "2025-07-24T20:26:05.721Z" },
    { url = "https://files.pythonhosted.org/packages/a9/ec/2f6c45c3484cc159621ea8fc000ac5a86f1575f090cac78ac27193ce82cd/numpy-2.3.2-cp311-cp311-musllinux_1_2_aarch64.whl", hash = "sha256:1f91e5c028504660d606340a084db4b216567ded1056ea2b4be4f9d10b67197f", size = 16370512, upload-time = "2025-07-24T20:26:30.545Z" },
    { url = "https://files.pythonhosted.org/packages/b5/01/dd67cf511850bd7aefd6347aaae0956ed415abea741ae107834aae7d6d4e/numpy-2.3.2-cp311-cp311-musllinux_1_2_x86_64.whl", hash = "sha256:fb1752a3bb9a3ad2d6b090b88a9a0ae1cd6f004ef95f75825e2f382c183b2097", size = 18884947, upload-time = "2025-07-24T20:26:58.24Z" },
    { url = "https://files.pythonhosted.org/packages/a7/17/2cf60fd3e6a61d006778735edf67a222787a8c1a7842aed43ef96d777446/numpy-2.3.2-cp311-cp311-win32.whl", hash = "sha256:4ae6863868aaee2f57503c7a5052b3a2807cf7a3914475e637a0ecd366ced220", size = 6599494, upload-time = "2025-07-24T20:27:09.786Z" },
    { url = "https://files.pythonhosted.org/packages/d5/03/0eade211c504bda872a594f045f98ddcc6caef2b7c63610946845e304d3f/numpy-2.3.2-cp311-cp311-win_amd64.whl", hash = "sha256:240259d6564f1c65424bcd10f435145a7644a65a6811cfc3201c4a429ba79170", size = 13087889, upload-time = "2025-07-24T20:27:29.558Z" },
    { url = "https://files.pythonhosted.org/packages/13/32/2c7979d39dafb2a25087e12310fc7f3b9d3c7d960df4f4bc97955ae0ce1d/numpy-2.3.2-cp311-cp311-win_arm64.whl", hash = "sha256:4209f874d45f921bde2cff1ffcd8a3695f545ad2ffbef6d3d3c6768162efab89", size = 10459560, upload-time = "2025-07-24T20:27:46.803Z" },
    { url = "https://files.pythonhosted.org/packages/cf/ea/50ebc91d28b275b23b7128ef25c3d08152bc4068f42742867e07a870a42a/numpy-2.3.2-pp311-pypy311_pp73-macosx_10_15_x86_64.whl", hash = "sha256:14a91ebac98813a49bc6aa1a0dfc09513dcec1d97eaf31ca21a87221a1cdcb15", size = 21130338, upload-time = "2025-07-24T20:57:54.37Z" },
    { url = "https://files.pythonhosted.org/packages/9f/57/cdd5eac00dd5f137277355c318a955c0d8fb8aa486020c22afd305f8b88f/numpy-2.3.2-pp311-pypy311_pp73-macosx_11_0_arm64.whl", hash = "sha256:71669b5daae692189540cffc4c439468d35a3f84f0c88b078ecd94337f6cb0ec", size = 14375776, upload-time = "2025-07-24T20:58:16.303Z" },
    { url = "https://files.pythonhosted.org/packages/83/85/27280c7f34fcd305c2209c0cdca4d70775e4859a9eaa92f850087f8dea50/numpy-2.3.2-pp311-pypy311_pp73-macosx_14_0_arm64.whl", hash = "sha256:69779198d9caee6e547adb933941ed7520f896fd9656834c300bdf4dd8642712", size = 5304882, upload-time = "2025-07-24T20:58:26.199Z" },
    { url = "https://files.pythonhosted.org/packages/48/b4/6500b24d278e15dd796f43824e69939d00981d37d9779e32499e823aa0aa/numpy-2.3.2-pp311-pypy311_pp73-macosx_14_0_x86_64.whl", hash = "sha256:2c3271cc4097beb5a60f010bcc1cc204b300bb3eafb4399376418a83a1c6373c", size = 6818405, upload-time = "2025-07-24T20:58:37.341Z" },
    { url = "https://files.pythonhosted.org/packages/9b/c9/142c1e03f199d202da8e980c2496213509291b6024fd2735ad28ae7065c7/numpy-2.3.2-pp311-pypy311_pp73-manylinux_2_27_aarch64.manylinux_2_28_aarch64.whl", hash = "sha256:8446acd11fe3dc1830568c941d44449fd5cb83068e5c70bd5a470d323d448296", size = 14419651, upload-time = "2025-07-24T20:58:59.048Z" },
    { url = "https://files.pythonhosted.org/packages/8b/95/8023e87cbea31a750a6c00ff9427d65ebc5fef104a136bfa69f76266d614/numpy-2.3.2-pp311-pypy311_pp73-manylinux_2_27_x86_64.manylinux_2_28_x86_64.whl", hash = "sha256:aa098a5ab53fa407fded5870865c6275a5cd4101cfdef8d6fafc48286a96e981", size = 16760166, upload-time = "2025-07-24T21:28:56.38Z" },
    { url = "https://files.pythonhosted.org/packages/78/e3/6690b3f85a05506733c7e90b577e4762517404ea78bab2ca3a5cb1aeb78d/numpy-2.3.2-pp311-pypy311_pp73-win_amd64.whl", hash = "sha256:6936aff90dda378c09bea075af0d9c675fe3a977a9d2402f95a87f440f59f619", size = 12977811, upload-time = "2025-07-24T21:29:18.234Z" },
]

[[package]]
name = "nvidia-cublas-cu12"
version = "12.8.4.1"
source = { registry = "https://pypi.org/simple" }
wheels = [
    { url = "https://files.pythonhosted.org/packages/dc/61/e24b560ab2e2eaeb3c839129175fb330dfcfc29e5203196e5541a4c44682/nvidia_cublas_cu12-12.8.4.1-py3-none-manylinux_2_27_x86_64.whl", hash = "sha256:8ac4e771d5a348c551b2a426eda6193c19aa630236b418086020df5ba9667142", size = 594346921, upload-time = "2025-03-07T01:44:31.254Z" },
]

[[package]]
name = "nvidia-cuda-cupti-cu12"
version = "12.8.90"
source = { registry = "https://pypi.org/simple" }
wheels = [
    { url = "https://files.pythonhosted.org/packages/f8/02/2adcaa145158bf1a8295d83591d22e4103dbfd821bcaf6f3f53151ca4ffa/nvidia_cuda_cupti_cu12-12.8.90-py3-none-manylinux2014_x86_64.manylinux_2_17_x86_64.whl", hash = "sha256:ea0cb07ebda26bb9b29ba82cda34849e73c166c18162d3913575b0c9db9a6182", size = 10248621, upload-time = "2025-03-07T01:40:21.213Z" },
]

[[package]]
name = "nvidia-cuda-nvrtc-cu12"
version = "12.8.93"
source = { registry = "https://pypi.org/simple" }
wheels = [
    { url = "https://files.pythonhosted.org/packages/05/6b/32f747947df2da6994e999492ab306a903659555dddc0fbdeb9d71f75e52/nvidia_cuda_nvrtc_cu12-12.8.93-py3-none-manylinux2010_x86_64.manylinux_2_12_x86_64.whl", hash = "sha256:a7756528852ef889772a84c6cd89d41dfa74667e24cca16bb31f8f061e3e9994", size = 88040029, upload-time = "2025-03-07T01:42:13.562Z" },
]

[[package]]
name = "nvidia-cuda-runtime-cu12"
version = "12.8.90"
source = { registry = "https://pypi.org/simple" }
wheels = [
    { url = "https://files.pythonhosted.org/packages/0d/9b/a997b638fcd068ad6e4d53b8551a7d30fe8b404d6f1804abf1df69838932/nvidia_cuda_runtime_cu12-12.8.90-py3-none-manylinux2014_x86_64.manylinux_2_17_x86_64.whl", hash = "sha256:adade8dcbd0edf427b7204d480d6066d33902cab2a4707dcfc48a2d0fd44ab90", size = 954765, upload-time = "2025-03-07T01:40:01.615Z" },
]

[[package]]
name = "nvidia-cudnn-cu12"
version = "9.10.2.21"
source = { registry = "https://pypi.org/simple" }
dependencies = [
    { name = "nvidia-cublas-cu12" },
]
wheels = [
    { url = "https://files.pythonhosted.org/packages/ba/51/e123d997aa098c61d029f76663dedbfb9bc8dcf8c60cbd6adbe42f76d049/nvidia_cudnn_cu12-9.10.2.21-py3-none-manylinux_2_27_x86_64.whl", hash = "sha256:949452be657fa16687d0930933f032835951ef0892b37d2d53824d1a84dc97a8", size = 706758467, upload-time = "2025-06-06T21:54:08.597Z" },
]

[[package]]
name = "nvidia-cufft-cu12"
version = "11.3.3.83"
source = { registry = "https://pypi.org/simple" }
dependencies = [
    { name = "nvidia-nvjitlink-cu12" },
]
wheels = [
    { url = "https://files.pythonhosted.org/packages/1f/13/ee4e00f30e676b66ae65b4f08cb5bcbb8392c03f54f2d5413ea99a5d1c80/nvidia_cufft_cu12-11.3.3.83-py3-none-manylinux2014_x86_64.manylinux_2_17_x86_64.whl", hash = "sha256:4d2dd21ec0b88cf61b62e6b43564355e5222e4a3fb394cac0db101f2dd0d4f74", size = 193118695, upload-time = "2025-03-07T01:45:27.821Z" },
]

[[package]]
name = "nvidia-cufile-cu12"
version = "1.13.1.3"
source = { registry = "https://pypi.org/simple" }
wheels = [
    { url = "https://files.pythonhosted.org/packages/bb/fe/1bcba1dfbfb8d01be8d93f07bfc502c93fa23afa6fd5ab3fc7c1df71038a/nvidia_cufile_cu12-1.13.1.3-py3-none-manylinux2014_x86_64.manylinux_2_17_x86_64.whl", hash = "sha256:1d069003be650e131b21c932ec3d8969c1715379251f8d23a1860554b1cb24fc", size = 1197834, upload-time = "2025-03-07T01:45:50.723Z" },
]

[[package]]
name = "nvidia-curand-cu12"
version = "10.3.9.90"
source = { registry = "https://pypi.org/simple" }
wheels = [
    { url = "https://files.pythonhosted.org/packages/fb/aa/6584b56dc84ebe9cf93226a5cde4d99080c8e90ab40f0c27bda7a0f29aa1/nvidia_curand_cu12-10.3.9.90-py3-none-manylinux_2_27_x86_64.whl", hash = "sha256:b32331d4f4df5d6eefa0554c565b626c7216f87a06a4f56fab27c3b68a830ec9", size = 63619976, upload-time = "2025-03-07T01:46:23.323Z" },
]

[[package]]
name = "nvidia-cusolver-cu12"
version = "11.7.3.90"
source = { registry = "https://pypi.org/simple" }
dependencies = [
    { name = "nvidia-cublas-cu12" },
    { name = "nvidia-cusparse-cu12" },
    { name = "nvidia-nvjitlink-cu12" },
]
wheels = [
    { url = "https://files.pythonhosted.org/packages/85/48/9a13d2975803e8cf2777d5ed57b87a0b6ca2cc795f9a4f59796a910bfb80/nvidia_cusolver_cu12-11.7.3.90-py3-none-manylinux_2_27_x86_64.whl", hash = "sha256:4376c11ad263152bd50ea295c05370360776f8c3427b30991df774f9fb26c450", size = 267506905, upload-time = "2025-03-07T01:47:16.273Z" },
]

[[package]]
name = "nvidia-cusparse-cu12"
version = "12.5.8.93"
source = { registry = "https://pypi.org/simple" }
dependencies = [
    { name = "nvidia-nvjitlink-cu12" },
]
wheels = [
    { url = "https://files.pythonhosted.org/packages/c2/f5/e1854cb2f2bcd4280c44736c93550cc300ff4b8c95ebe370d0aa7d2b473d/nvidia_cusparse_cu12-12.5.8.93-py3-none-manylinux2014_x86_64.manylinux_2_17_x86_64.whl", hash = "sha256:1ec05d76bbbd8b61b06a80e1eaf8cf4959c3d4ce8e711b65ebd0443bb0ebb13b", size = 288216466, upload-time = "2025-03-07T01:48:13.779Z" },
]

[[package]]
name = "nvidia-cusparselt-cu12"
version = "0.7.1"
source = { registry = "https://pypi.org/simple" }
wheels = [
    { url = "https://files.pythonhosted.org/packages/56/79/12978b96bd44274fe38b5dde5cfb660b1d114f70a65ef962bcbbed99b549/nvidia_cusparselt_cu12-0.7.1-py3-none-manylinux2014_x86_64.whl", hash = "sha256:f1bb701d6b930d5a7cea44c19ceb973311500847f81b634d802b7b539dc55623", size = 287193691, upload-time = "2025-02-26T00:15:44.104Z" },
]

[[package]]
name = "nvidia-nccl-cu12"
version = "2.27.3"
source = { registry = "https://pypi.org/simple" }
wheels = [
    { url = "https://files.pythonhosted.org/packages/5c/5b/4e4fff7bad39adf89f735f2bc87248c81db71205b62bcc0d5ca5b606b3c3/nvidia_nccl_cu12-2.27.3-py3-none-manylinux2014_x86_64.manylinux_2_17_x86_64.whl", hash = "sha256:adf27ccf4238253e0b826bce3ff5fa532d65fc42322c8bfdfaf28024c0fbe039", size = 322364134, upload-time = "2025-06-03T21:58:04.013Z" },
]

[[package]]
name = "nvidia-nvjitlink-cu12"
version = "12.8.93"
source = { registry = "https://pypi.org/simple" }
wheels = [
    { url = "https://files.pythonhosted.org/packages/f6/74/86a07f1d0f42998ca31312f998bd3b9a7eff7f52378f4f270c8679c77fb9/nvidia_nvjitlink_cu12-12.8.93-py3-none-manylinux2010_x86_64.manylinux_2_12_x86_64.whl", hash = "sha256:81ff63371a7ebd6e6451970684f916be2eab07321b73c9d244dc2b4da7f73b88", size = 39254836, upload-time = "2025-03-07T01:49:55.661Z" },
]

[[package]]
name = "nvidia-nvtx-cu12"
version = "12.8.90"
source = { registry = "https://pypi.org/simple" }
wheels = [
    { url = "https://files.pythonhosted.org/packages/a2/eb/86626c1bbc2edb86323022371c39aa48df6fd8b0a1647bc274577f72e90b/nvidia_nvtx_cu12-12.8.90-py3-none-manylinux2014_x86_64.manylinux_2_17_x86_64.whl", hash = "sha256:5b17e2001cc0d751a5bc2c6ec6d26ad95913324a4adb86788c944f8ce9ba441f", size = 89954, upload-time = "2025-03-07T01:42:44.131Z" },
]

[[package]]
name = "packaging"
version = "26.3"
source = { registry = "https://pypi.org/simple" }
sdist = { url = "https://files.pythonhosted.org/packages/7d/fa/3944b40b07da9ce895c0e6303a5ab7d53da063554f534556b134a54d6093/packaging-26.3.tar.gz", hash = "sha256:94edc256424af38762eb31306eed28beb9f0efc50a8837492c9d6fd6004aed79", size = 313412, upload-time = "2026-08-04T18:15:28.737Z" }
wheels = [
    { url = "https://files.pythonhosted.org/packages/63/34/ba1c580383c9eada3711951fef0795c80b829a078d72188184bcab9dd527/packaging-26.3-py3-none-any.whl", hash = "sha256:d7193f7c8e4e93f444fde0262bf90af30e16fa0ad0ad44cb553c87339b23cd1c", size = 129956, upload-time = "2026-08-04T18:15:27.159Z" },
]

[[package]]
name = "pluggy"
version = "1.6.0"
source = { registry = "https://pypi.org/simple" }
sdist = { url = "https://files.pythonhosted.org/packages/f9/e2/3e91f31a7d2b083fe6ef3fa267035b518369d9511ffab804f839851d2779/pluggy-1.6.0.tar.gz", hash = "sha256:7dcc130b76258d33b90f61b658791dede3486c3e6bfb003ee5c9bfb396dd22f3", size = 69412, upload-time = "2025-05-15T12:30:07.975Z" }
wheels = [
    { url = "https://files.pythonhosted.org/packages/54/20/4d324d65cc6d9205fabedc306948156824eb9f0ee1633355a8f7ec5c66bf/pluggy-1.6.0-py3-none-any.whl", hash = "sha256:e920276dd6813095e9377c0bc5566d94c932c33b27a3e3945d8389c374dd4746", size = 20538, upload-time = "2025-05-15T12:30:06.134Z" },
]

[[package]]
name = "pytest"
version = "8.3.4"
source = { registry = "https://pypi.org/simple" }
dependencies = [
    { name = "colorama", marker = "sys_platform == 'win32'" },
    { name = "iniconfig" },
    { name = "packaging" },
    { name = "pluggy" },
]
sdist = { url = "https://files.pythonhosted.org/packages/05/35/30e0d83068951d90a01852cb1cef56e5d8a09d20c7f511634cc2f7e0372a/pytest-8.3.4.tar.gz", hash = "sha256:965370d062bce11e73868e0335abac31b4d3de0e82f4007408d242b4f8610761", size = 1445919, upload-time = "2024-12-01T12:54:25.98Z" }
wheels = [
    { url = "https://files.pythonhosted.org/packages/11/92/76a1c94d3afee238333bc0a42b82935dd8f9cf8ce9e336ff87ee14d9e1cf/pytest-8.3.4-py3-none-any.whl", hash = "sha256:50e16d954148559c9a74109af1eaf0c945ba2d8f30f0a3d3335edde19788b6f6", size = 343083, upload-time = "2024-12-01T12:54:19.735Z" },
]

[[package]]
name = "sadt-ali-cbct"
version = "0.1.0"
source = { editable = "." }
dependencies = [
    { name = "itk" },
    { name = "monai" },
    { name = "numpy" },
    { name = "sadt-ali-common" },
    { name = "simpleitk" },
    { name = "torch" },
]

[package.dev-dependencies]
dev = [
    { name = "pytest" },
    { name = "sadt-testkit" },
]

[package.metadata]
requires-dist = [
    { name = "itk", specifier = "==5.4.7" },
    { name = "monai", specifier = "==1.6.0" },
    { name = "numpy", specifier = "==2.3.2" },
    { name = "sadt-ali-common", directory = "../common" },
    { name = "simpleitk", specifier = "==2.5.6" },
    { name = "torch", specifier = "==2.8.0", index = "https://download.pytorch.org/whl/cu128" },
]

[package.metadata.requires-dev]
dev = [
    { name = "pytest", specifier = "==8.3.4" },
    { name = "sadt-testkit", editable = "../../../testkit" },
]

[[package]]
name = "sadt-ali-common"
version = "0.1.0"
source = { directory = "../common" }

[package.metadata]

[package.metadata.requires-dev]
dev = [{ name = "pytest", specifier = "==8.3.4" }]

[[package]]
name = "sadt-testkit"
version = "0.1.0"
source = { editable = "../../../testkit" }

[package.metadata]

[package.metadata.requires-dev]
dev = [
    { name = "numpy", specifier = "==1.26.4" },
    { name = "pytest", specifier = "==8.3.4" },
]

[[package]]
name = "setuptools"
version = "84.0.0"
source = { registry = "https://pypi.org/simple" }
sdist = { url = "https://files.pythonhosted.org/packages/6d/44/f5da03a8ef95d369145c5bb53050e7877c9f3d312e128605fd9504829143/setuptools-84.0.0.tar.gz", hash = "sha256:f4695c21257f0d9b537ec2692c941d02ee143b7cc1276941349a546573b2ef73", size = 1168449, upload-time = "2026-08-08T18:27:58.365Z" }
wheels = [
    { url = "https://files.pythonhosted.org/packages/95/9c/c510029fc6ef33a6275cd2c5d3cecd6613dfd6aa401d57c54f1c18852ccf/setuptools-84.0.0-py3-none-any.whl", hash = "sha256:51a52592b3b99e102b609654876bd65f19f999935166d1352678931132b0c670", size = 818216, upload-time = "2026-08-08T18:27:56.719Z" },
]

[[package]]
name = "simpleitk"
version = "2.5.6"
source = { registry = "https://pypi.org/simple" }
wheels = [
    { url = "https://files.pythonhosted.org/packages/c8/30/cb0eec647afea94c1d95bed3c0014a96565404e4225dba2c0c63bbdd6b9a/simpleitk-2.5.6-cp311-abi3-macosx_10_9_x86_64.whl", hash = "sha256:36658792fe2a62814cbfedb3b236ac722ca7e00953241726bc4a3a26cc7ef5a7", size = 42685058, upload-time = "2026-07-30T16:52:12.477Z" },
    { url = "https://files.pythonhosted.org/packages/68/e8/18d2351ef7b6a17c921f1fbac3a19dc3a27f6ea7749c2f5a5877e38202b9/simpleitk-2.5.6-cp311-abi3-macosx_11_0_arm64.whl", hash = "sha256:afcda49474748548fa1b7dbb9f557c3b9feafeb0dd3c2e05d771cc935c86646e", size = 38252322, upload-time = "2026-07-30T16:52:16.719Z" },
    { url = "https://files.pythonhosted.org/packages/ff/c3/9025397ec8638c261ba1fe56ffed06983df707a3bc961da5ef90157e5a25/simpleitk-2.5.6-cp311-abi3-manylinux2014_aarch64.manylinux_2_17_aarch64.whl", hash = "sha256:af7ca101b23233745b813481ea91694ecea95c3e3b6eed8dca37be39a60f6894", size = 48070098, upload-time = "2026-07-30T16:52:21.316Z" },
    { url = "https://files.pythonhosted.org/packages/f4/ec/301532fb2003e6557e6a12106eb1df572ed6f74c08c05c2e7a8913353383/simpleitk-2.5.6-cp311-abi3-manylinux2014_x86_64.manylinux_2_17_x86_64.whl", hash = "sha256:99242c333ed17138134e9749f3a484518f41baebab0fc0f0fe7c657ab8090c07", size = 52798369, upload-time = "2026-07-30T16:52:25.774Z" },
    { url = "https://files.pythonhosted.org/packages/16/d0/a746280d0987413e443c26f19fe5c559fb3034160ee0a7307ae2d85e8d59/simpleitk-2.5.6-cp311-abi3-win_amd64.whl", hash = "sha256:0002b298efb31332f99587cf26ed9f42c2c3ec006a0570f492dfc9ea27303d73", size = 18925827, upload-time = "2026-07-30T16:52:29.496Z" },
]

[[package]]
name = "sympy"
version = "1.14.0"
source = { registry = "https://pypi.org/simple" }
dependencies = [
    { name = "mpmath" },
]
sdist = { url = "https://files.pythonhosted.org/packages/83/d3/803453b36afefb7c2bb238361cd4ae6125a569b4db67cd9e79846ba2d68c/sympy-1.14.0.tar.gz", hash = "sha256:d3d3fe8df1e5a0b42f0e7bdf50541697dbe7d23746e894990c030e2b05e72517", size = 7793921, upload-time = "2025-04-27T18:05:01.611Z" }
wheels = [
    { url = "https://files.pythonhosted.org/packages/a2/09/77d55d46fd61b4a135c444fc97158ef34a095e5681d0a6c10b75bf356191/sympy-1.14.0-py3-none-any.whl", hash = "sha256:e091cc3e99d2141a0ba2847328f5479b05d94a6635cb96148ccb3f34671bd8f5", size = 6299353, upload-time = "2025-04-27T18:04:59.103Z" },
]

[[package]]
name = "torch"
version = "2.8.0+cu128"
source = { registry = "https://download.pytorch.org/whl/cu128" }
dependencies = [
    { name = "filelock" },
    { name = "fsspec" },
    { name = "jinja2" },
    { name = "networkx" },
    { name = "nvidia-cublas-cu12", marker = "platform_machine == 'x86_64' and sys_platform == 'linux'" },
    { name = "nvidia-cuda-cupti-cu12", marker = "platform_machine == 'x86_64' and sys_platform == 'linux'" },
    { name = "nvidia-cuda-nvrtc-cu12", marker = "platform_machine == 'x86_64' and sys_platform == 'linux'" },
    { name = "nvidia-cuda-runtime-cu12", marker = "platform_machine == 'x86_64' and sys_platform == 'linux'" },
    { name = "nvidia-cudnn-cu12", marker = "platform_machine == 'x86_64' and sys_platform == 'linux'" },
    { name = "nvidia-cufft-cu12", marker = "platform_machine == 'x86_64' and sys_platform == 'linux'" },
    { name = "nvidia-cufile-cu12", marker = "platform_machine == 'x86_64' and sys_platform == 'linux'" },
    { name = "nvidia-curand-cu12", marker = "platform_machine == 'x86_64' and sys_platform == 'linux'" },
    { name = "nvidia-cusolver-cu12", marker = "platform_machine == 'x86_64' and sys_platform == 'linux'" },
    { name = "nvidia-cusparse-cu12", marker = "platform_machine == 'x86_64' and sys_platform == 'linux'" },
    { name = "nvidia-cusparselt-cu12", marker = "platform_machine == 'x86_64' and sys_platform == 'linux'" },
    { name = "nvidia-nccl-cu12", marker = "platform_machine == 'x86_64' and sys_platform == 'linux'" },
    { name = "nvidia-nvjitlink-cu12", marker = "platform_machine == 'x86_64' and sys_platform == 'linux'" },
    { name = "nvidia-nvtx-cu12", marker = "platform_machine == 'x86_64' and sys_platform == 'linux'" },
    { name = "sympy" },
    { name = "triton", marker = "platform_machine == 'x86_64' and sys_platform == 'linux'" },
    { name = "typing-extensions" },
]
wheels = [
    { url = "https://download-r2.pytorch.org/whl/cu128/torch-2.8.0%2Bcu128-cp311-cp311-manylinux_2_28_x86_64.whl", hash = "sha256:039b9dcdd6bdbaa10a8a5cd6be22c4cb3e3589a341e5f904cbb571ca28f55bed", upload-time = "2025-10-01T23:49:06Z" },
    { url = "https://download-r2.pytorch.org/whl/cu128/torch-2.8.0%2Bcu128-cp311-cp311-win_amd64.whl", hash = "sha256:34c55443aafd31046a7963b63d30bc3b628ee4a704f826796c865fdfd05bb596", upload-time = "2025-10-01T23:49:30Z" },
]

[[package]]
name = "triton"
version = "3.4.0"
source = { registry = "https://pypi.org/simple" }
dependencies = [
    { name = "setuptools" },
]
wheels = [
    { url = "https://files.pythonhosted.org/packages/7d/39/43325b3b651d50187e591eefa22e236b2981afcebaefd4f2fc0ea99df191/triton-3.4.0-cp311-cp311-manylinux_2_27_x86_64.manylinux_2_28_x86_64.whl", hash = "sha256:7b70f5e6a41e52e48cfc087436c8a28c17ff98db369447bcaff3b887a3ab4467", size = 155531138, upload-time = "2025-07-30T19:58:29.908Z" },
]

[[package]]
name = "typing-extensions"
version = "4.16.0"
source = { registry = "https://pypi.org/simple" }
sdist = { url = "https://files.pythonhosted.org/packages/f6/cc/6253133b5bb138fc3306cebfbda2c520f545d36b5be2c7255cc528bb45d6/typing_extensions-4.16.0.tar.gz", hash = "sha256:dc983d19a509c94dba722ee6abd33940f7c05a89e243c47e907eb4db6f1a43e5", size = 113555, upload-time = "2026-07-02T08:40:05.92Z" }
wheels = [
    { url = "https://files.pythonhosted.org/packages/49/d3/b8441a820a491ddfc024b0b0cf0393375b75ea13866d9c66727e54c2fc80/typing_extensions-4.16.0-py3-none-any.whl", hash = "sha256:481caa481374e813c1b176ada14e97f1f67a4539ce9cfeb3f350d78d6370c2e8", size = 45571, upload-time = "2026-07-02T08:40:04.659Z" },
]
